// !$*UTF8*$!
{
	archiveVersion = 1;
	classes = {
	};
	objectVersion = 46;
	objects = {

/* Begin PBXBuildFile section */
		D5ACDDB21861996200090F31 /* Foundation.framework in Frameworks */ = {isa = PBXBuildFile; fileRef = D5ACDDB11861996200090F31 /* Foundation.framework */; };
		D5ACDDB41861996200090F31 /* CoreGraphics.framework in Frameworks */ = {isa = PBXBuildFile; fileRef = D5ACDDB31861996200090F31 /* CoreGraphics.framework */; };
		D5ACDDB61861996200090F31 /* UIKit.framework in Frameworks */ = {isa = PBXBuildFile; fileRef = D5ACDDB51861996200090F31 /* UIKit.framework */; };
		D5ACDDBC1861996200090F31 /* InfoPlist.strings in Resources */ = {isa = PBXBuildFile; fileRef = D5ACDDBA1861996200090F31 /* InfoPlist.strings */; };
		D5ACDDBE1861996200090F31 /* main.m in Sources */ = {isa = PBXBuildFile; fileRef = D5ACDDBD1861996200090F31 /* main.m */; };
		D5ACDDC21861996200090F31 /* ARAppDelegate.m in Sources */ = {isa = PBXBuildFile; fileRef = D5ACDDC11861996200090F31 /* ARAppDelegate.m */; };
		D5ACDDCB1861996200090F31 /* ARViewController.m in Sources */ = {isa = PBXBuildFile; fileRef = D5ACDDCA1861996200090F31 /* ARViewController.m */; };
		D5ACDDCD1861996200090F31 /* Images.xcassets in Resources */ = {isa = PBXBuildFile; fileRef = D5ACDDCC1861996200090F31 /* Images.xcassets */; };
		D5ACDDD41861996200090F31 /* XCTest.framework in Frameworks */ = {isa = PBXBuildFile; fileRef = D5ACDDD31861996200090F31 /* XCTest.framework */; };
		D5ACDDD51861996200090F31 /* Foundation.framework in Frameworks */ = {isa = PBXBuildFile; fileRef = D5ACDDB11861996200090F31 /* Foundation.framework */; };
		D5ACDDD61861996200090F31 /* UIKit.framework in Frameworks */ = {isa = PBXBuildFile; fileRef = D5ACDDB51861996200090F31 /* UIKit.framework */; };
		D5ACDDDE1861996200090F31 /* InfoPlist.strings in Resources */ = {isa = PBXBuildFile; fileRef = D5ACDDDC1861996200090F31 /* InfoPlist.strings */; };
		D5ACDDE01861996200090F31 /* ARSpeechActivityDemoTests.m in Sources */ = {isa = PBXBuildFile; fileRef = D5ACDDDF1861996200090F31 /* ARSpeechActivityDemoTests.m */; };
		D5ACDDEC18619A0C00090F31 /* ARSpeechActivity.m in Sources */ = {isa = PBXBuildFile; fileRef = D5ACDDEB18619A0C00090F31 /* ARSpeechActivity.m */; };
		D5ACDDF218619A6C00090F31 /* ARSpeechActivity-iPad.png in Resources */ = {isa = PBXBuildFile; fileRef = D5ACDDEF18619A6C00090F31 /* ARSpeechActivity-iPad.png */; };
		D5ACDDF318619A6C00090F31 /* ARSpeechActivity-iPad@2x.png in Resources */ = {isa = PBXBuildFile; fileRef = D5ACDDF018619A6C00090F31 /* ARSpeechActivity-iPad@2x.png */; };
		D5ACDDF418619A6C00090F31 /* ARSpeechActivity@2x.png in Resources */ = {isa = PBXBuildFile; fileRef = D5ACDDF118619A6C00090F31 /* ARSpeechActivity@2x.png */; };
		D5ACDDF61861A61C00090F31 /* AVFoundation.framework in Frameworks */ = {isa = PBXBuildFile; fileRef = D5ACDDF51861A61C00090F31 /* AVFoundation.framework */; };
		D5ACDDF71861ACDF00090F31 /* ARSpeechActivity.strings in Resources */ = {isa = PBXBuildFile; fileRef = D5ACDDF91861ACDF00090F31 /* ARSpeechActivity.strings */; };
/* End PBXBuildFile section */

/* Begin PBXContainerItemProxy section */
		D5ACDDD71861996200090F31 /* PBXContainerItemProxy */ = {
			isa = PBXContainerItemProxy;
			containerPortal = D5ACDDA61861996200090F31 /* Project object */;
			proxyType = 1;
			remoteGlobalIDString = D5ACDDAD1861996200090F31;
			remoteInfo = ARSpeechActivityDemo;
		};
/* End PBXContainerItemProxy section */

/* Begin PBXFileReference section */
		D5ACDDAE1861996200090F31 /* ARSpeechActivityDemo.app */ = {isa = PBXFileReference; explicitFileType = wrapper.application; includeInIndex = 0; path = ARSpeechActivityDemo.app; sourceTree = BUILT_PRODUCTS_DIR; };
		D5ACDDB11861996200090F31 /* Foundation.framework */ = {isa = PBXFileReference; lastKnownFileType = wrapper.framework; name = Foundation.framework; path = System/Library/Frameworks/Foundation.framework; sourceTree = SDKROOT; };
		D5ACDDB31861996200090F31 /* CoreGraphics.framework */ = {isa = PBXFileReference; lastKnownFileType = wrapper.framework; name = CoreGraphics.framework; path = System/Library/Frameworks/CoreGraphics.framework; sourceTree = SDKROOT; };
		D5ACDDB51861996200090F31 /* UIKit.framework */ = {isa = PBXFileReference; lastKnownFileType = wrapper.framework; name = UIKit.framework; path = System/Library/Frameworks/UIKit.framework; sourceTree = SDKROOT; };
		D5ACDDB91861996200090F31 /* ARSpeechActivityDemo-Info.plist */ = {isa = PBXFileReference; lastKnownFileType = text.plist.xml; path = "ARSpeechActivityDemo-Info.plist"; sourceTree = "<group>"; };
		D5ACDDBB1861996200090F31 /* en */ = {isa = PBXFileReference; lastKnownFileType = text.plist.strings; name = en; path = en.lproj/InfoPlist.strings; sourceTree = "<group>"; };
		D5ACDDBD1861996200090F31 /* main.m */ = {isa = PBXFileReference; lastKnownFileType = sourcecode.c.objc; path = main.m; sourceTree = "<group>"; };
		D5ACDDBF1861996200090F31 /* ARSpeechActivityDemo-Prefix.pch */ = {isa = PBXFileReference; lastKnownFileType = sourcecode.c.h; path = "ARSpeechActivityDemo-Prefix.pch"; sourceTree = "<group>"; };
		D5ACDDC01861996200090F31 /* ARAppDelegate.h */ = {isa = PBXFileReference; lastKnownFileType = sourcecode.c.h; path = ARAppDelegate.h; sourceTree = "<group>"; };
		D5ACDDC11861996200090F31 /* ARAppDelegate.m */ = {isa = PBXFileReference; lastKnownFileType = sourcecode.c.objc; path = ARAppDelegate.m; sourceTree = "<group>"; };
		D5ACDDC91861996200090F31 /* ARViewController.h */ = {isa = PBXFileReference; lastKnownFileType = sourcecode.c.h; path = ARViewController.h; sourceTree = "<group>"; };
		D5ACDDCA1861996200090F31 /* ARViewController.m */ = {isa = PBXFileReference; lastKnownFileType = sourcecode.c.objc; path = ARViewController.m; sourceTree = "<group>"; };
		D5ACDDCC1861996200090F31 /* Images.xcassets */ = {isa = PBXFileReference; lastKnownFileType = folder.assetcatalog; path = Images.xcassets; sourceTree = "<group>"; };
		D5ACDDD21861996200090F31 /* ARSpeechActivityDemoTests.xctest */ = {isa = PBXFileReference; explicitFileType = wrapper.cfbundle; includeInIndex = 0; path = ARSpeechActivityDemoTests.xctest; sourceTree = BUILT_PRODUCTS_DIR; };
		D5ACDDD31861996200090F31 /* XCTest.framework */ = {isa = PBXFileReference; lastKnownFileType = wrapper.framework; name = XCTest.framework; path = Library/Frameworks/XCTest.framework; sourceTree = DEVELOPER_DIR; };
		D5ACDDDB1861996200090F31 /* ARSpeechActivityDemoTests-Info.plist */ = {isa = PBXFileReference; lastKnownFileType = text.plist.xml; path = "ARSpeechActivityDemoTests-Info.plist"; sourceTree = "<group>"; };
		D5ACDDDD1861996200090F31 /* en */ = {isa = PBXFileReference; lastKnownFileType = text.plist.strings; name = en; path = en.lproj/InfoPlist.strings; sourceTree = "<group>"; };
		D5ACDDDF1861996200090F31 /* ARSpeechActivityDemoTests.m */ = {isa = PBXFileReference; lastKnownFileType = sourcecode.c.objc; path = ARSpeechActivityDemoTests.m; sourceTree = "<group>"; };
		D5ACDDEA18619A0C00090F31 /* ARSpeechActivity.h */ = {isa = PBXFileReference; fileEncoding = 4; lastKnownFileType = sourcecode.c.h; name = ARSpeechActivity.h; path = ARSpeechActivity/ARSpeechActivity.h; sourceTree = SOURCE_ROOT; };
		D5ACDDEB18619A0C00090F31 /* ARSpeechActivity.m */ = {isa = PBXFileReference; fileEncoding = 4; lastKnownFileType = sourcecode.c.objc; name = ARSpeechActivity.m; path = ARSpeechActivity/ARSpeechActivity.m; sourceTree = SOURCE_ROOT; };
		D5ACDDEF18619A6C00090F31 /* ARSpeechActivity-iPad.png */ = {isa = PBXFileReference; lastKnownFileType = image.png; name = "ARSpeechActivity-iPad.png"; path = "ARSpeechActivity/ARSpeechActivity-iPad.png"; sourceTree = SOURCE_ROOT; };
		D5ACDDF018619A6C00090F31 /* ARSpeechActivity-iPad@2x.png */ = {isa = PBXFileReference; lastKnownFileType = image.png; name = "ARSpeechActivity-iPad@2x.png"; path = "ARSpeechActivity/ARSpeechActivity-iPad@2x.png"; sourceTree = SOURCE_ROOT; };
		D5ACDDF118619A6C00090F31 /* ARSpeechActivity@2x.png */ = {isa = PBXFileReference; lastKnownFileType = image.png; name = "ARSpeechActivity@2x.png"; path = "ARSpeechActivity/ARSpeechActivity@2x.png"; sourceTree = SOURCE_ROOT; };
		D5ACDDF51861A61C00090F31 /* AVFoundation.framework */ = {isa = PBXFileReference; lastKnownFileType = wrapper.framework; name = AVFoundation.framework; path = System/Library/Frameworks/AVFoundation.framework; sourceTree = SDKROOT; };
		D5ACDDF81861ACDF00090F31 /* en */ = {isa = PBXFileReference; lastKnownFileType = file; name = en; path = en.lproj/ARSpeechActivity.strings; sourceTree = "<group>"; };
		D5ACDDFA1861AD6000090F31 /* es-ES */ = {isa = PBXFileReference; lastKnownFileType = text.plist.strings; name = "es-ES"; path = "es-ES.lproj/ARSpeechActivity.strings"; sourceTree = "<group>"; };
		D5ACDDFB1861AD6800090F31 /* es */ = {isa = PBXFileReference; lastKnownFileType = text.plist.strings; name = es; path = es.lproj/ARSpeechActivity.strings; sourceTree = "<group>"; };
/* End PBXFileReference section */

/* Begin PBXFrameworksBuildPhase section */
		D5ACDDAB1861996200090F31 /* Frameworks */ = {
			isa = PBXFrameworksBuildPhase;
			buildActionMask = 2147483647;
			files = (
				D5ACDDF61861A61C00090F31 /* AVFoundation.framework in Frameworks */,
				D5ACDDB41861996200090F31 /* CoreGraphics.framework in Frameworks */,
				D5ACDDB61861996200090F31 /* UIKit.framework in Frameworks */,
				D5ACDDB21861996200090F31 /* Foundation.framework in Frameworks */,
			);
			runOnlyForDeploymentPostprocessing = 0;
		};
		D5ACDDCF1861996200090F31 /* Frameworks */ = {
			isa = PBXFrameworksBuildPhase;
			buildActionMask = 2147483647;
			files = (
				D5ACDDD41861996200090F31 /* XCTest.framework in Frameworks */,
				D5ACDDD61861996200090F31 /* UIKit.framework in Frameworks */,
				D5ACDDD51861996200090F31 /* Foundation.framework in Frameworks */,
			);
			runOnlyForDeploymentPostprocessing = 0;
		};
/* End PBXFrameworksBuildPhase section */

/* Begin PBXGroup section */
		D5ACDDA51861996200090F31 = {
			isa = PBXGroup;
			children = (
				D5ACDDB71861996200090F31 /* ARSpeechActivityDemo */,
				D5ACDDD91861996200090F31 /* ARSpeechActivityDemoTests */,
				D5ACDDB01861996200090F31 /* Frameworks */,
				D5ACDDAF1861996200090F31 /* Products */,
			);
			sourceTree = "<group>";
		};
		D5ACDDAF1861996200090F31 /* Products */ = {
			isa = PBXGroup;
			children = (
				D5ACDDAE1861996200090F31 /* ARSpeechActivityDemo.app */,
				D5ACDDD21861996200090F31 /* ARSpeechActivityDemoTests.xctest */,
			);
			name = Products;
			sourceTree = "<group>";
		};
		D5ACDDB01861996200090F31 /* Frameworks */ = {
			isa = PBXGroup;
			children = (
				D5ACDDF51861A61C00090F31 /* AVFoundation.framework */,
				D5ACDDB11861996200090F31 /* Foundation.framework */,
				D5ACDDB31861996200090F31 /* CoreGraphics.framework */,
				D5ACDDB51861996200090F31 /* UIKit.framework */,
				D5ACDDD31861996200090F31 /* XCTest.framework */,
			);
			name = Frameworks;
			sourceTree = "<group>";
		};
		D5ACDDB71861996200090F31 /* ARSpeechActivityDemo */ = {
			isa = PBXGroup;
			children = (
				D5ACDDC01861996200090F31 /* ARAppDelegate.h */,
				D5ACDDC11861996200090F31 /* ARAppDelegate.m */,
				D5ACDDC91861996200090F31 /* ARViewController.h */,
				D5ACDDCA1861996200090F31 /* ARViewController.m */,
				D5ACDDE9186199C700090F31 /* ARSpeechActivity */,
				D5ACDDCC1861996200090F31 /* Images.xcassets */,
				D5ACDDB81861996200090F31 /* Supporting Files */,
			);
			path = ARSpeechActivityDemo;
			sourceTree = "<group>";
		};
		D5ACDDB81861996200090F31 /* Supporting Files */ = {
			isa = PBXGroup;
			children = (
				D5ACDDB91861996200090F31 /* ARSpeechActivityDemo-Info.plist */,
				D5ACDDBA1861996200090F31 /* InfoPlist.strings */,
				D5ACDDBD1861996200090F31 /* main.m */,
				D5ACDDBF1861996200090F31 /* ARSpeechActivityDemo-Prefix.pch */,
			);
			name = "Supporting Files";
			sourceTree = "<group>";
		};
		D5ACDDD91861996200090F31 /* ARSpeechActivityDemoTests */ = {
			isa = PBXGroup;
			children = (
				D5ACDDDF1861996200090F31 /* ARSpeechActivityDemoTests.m */,
				D5ACDDDA1861996200090F31 /* Supporting Files */,
			);
			path = ARSpeechActivityDemoTests;
			sourceTree = "<group>";
		};
		D5ACDDDA1861996200090F31 /* Supporting Files */ = {
			isa = PBXGroup;
			children = (
				D5ACDDDB1861996200090F31 /* ARSpeechActivityDemoTests-Info.plist */,
				D5ACDDDC1861996200090F31 /* InfoPlist.strings */,
			);
			name = "Supporting Files";
			sourceTree = "<group>";
		};
		D5ACDDE9186199C700090F31 /* ARSpeechActivity */ = {
			isa = PBXGroup;
			children = (
				D5ACDDF91861ACDF00090F31 /* ARSpeechActivity.strings */,
				D5ACDDEA18619A0C00090F31 /* ARSpeechActivity.h */,
				D5ACDDEB18619A0C00090F31 /* ARSpeechActivity.m */,
				D5ACDDF118619A6C00090F31 /* ARSpeechActivity@2x.png */,
				D5ACDDEF18619A6C00090F31 /* ARSpeechActivity-iPad.png */,
				D5ACDDF018619A6C00090F31 /* ARSpeechActivity-iPad@2x.png */,
			);
			name = ARSpeechActivity;
			sourceTree = "<group>";
		};
/* End PBXGroup section */

/* Begin PBXNativeTarget section */
		D5ACDDAD1861996200090F31 /* ARSpeechActivityDemo */ = {
			isa = PBXNativeTarget;
			buildConfigurationList = D5ACDDE31861996200090F31 /* Build configuration list for PBXNativeTarget "ARSpeechActivityDemo" */;
			buildPhases = (
				D5ACDDAA1861996200090F31 /* Sources */,
				D5ACDDAB1861996200090F31 /* Frameworks */,
				D5ACDDAC1861996200090F31 /* Resources */,
			);
			buildRules = (
			);
			dependencies = (
			);
			name = ARSpeechActivityDemo;
			productName = ARSpeechActivityDemo;
			productReference = D5ACDDAE1861996200090F31 /* ARSpeechActivityDemo.app */;
			productType = "com.apple.product-type.application";
		};
		D5ACDDD11861996200090F31 /* ARSpeechActivityDemoTests */ = {
			isa = PBXNativeTarget;
			buildConfigurationList = D5ACDDE61861996200090F31 /* Build configuration list for PBXNativeTarget "ARSpeechActivityDemoTests" */;
			buildPhases = (
				D5ACDDCE1861996200090F31 /* Sources */,
				D5ACDDCF1861996200090F31 /* Frameworks */,
				D5ACDDD01861996200090F31 /* Resources */,
			);
			buildRules = (
			);
			dependencies = (
				D5ACDDD81861996200090F31 /* PBXTargetDependency */,
			);
			name = ARSpeechActivityDemoTests;
			productName = ARSpeechActivityDemoTests;
			productReference = D5ACDDD21861996200090F31 /* ARSpeechActivityDemoTests.xctest */;
			productType = "com.apple.product-type.bundle.unit-test";
		};
/* End PBXNativeTarget section */

/* Begin PBXProject section */
		D5ACDDA61861996200090F31 /* Project object */ = {
			isa = PBXProject;
			attributes = {
				CLASSPREFIX = AR;
				LastUpgradeCheck = 0500;
				ORGANIZATIONNAME = "Alex Rupérez";
				TargetAttributes = {
					D5ACDDD11861996200090F31 = {
						TestTargetID = D5ACDDAD1861996200090F31;
					};
				};
			};
			buildConfigurationList = D5ACDDA91861996200090F31 /* Build configuration list for PBXProject "ARSpeechActivityDemo" */;
			compatibilityVersion = "Xcode 3.2";
			developmentRegion = English;
			hasScannedForEncodings = 0;
			knownRegions = (
				en,
				Base,
				"es-ES",
				es,
			);
			mainGroup = D5ACDDA51861996200090F31;
			productRefGroup = D5ACDDAF1861996200090F31 /* Products */;
			projectDirPath = "";
			projectRoot = "";
			targets = (
				D5ACDDAD1861996200090F31 /* ARSpeechActivityDemo */,
				D5ACDDD11861996200090F31 /* ARSpeechActivityDemoTests */,
			);
		};
/* End PBXProject section */

/* Begin PBXResourcesBuildPhase section */
		D5ACDDAC1861996200090F31 /* Resources */ = {
			isa = PBXResourcesBuildPhase;
			buildActionMask = 2147483647;
			files = (
				D5ACDDF418619A6C00090F31 /* ARSpeechActivity@2x.png in Resources */,
				D5ACDDF71861ACDF00090F31 /* ARSpeechActivity.strings in Resources */,
				D5ACDDCD1861996200090F31 /* Images.xcassets in Resources */,
				D5ACDDBC1861996200090F31 /* InfoPlist.strings in Resources */,
				D5ACDDF318619A6C00090F31 /* ARSpeechActivity-iPad@2x.png in Resources */,
				D5ACDDF218619A6C00090F31 /* ARSpeechActivity-iPad.png in Resources */,
			);
			runOnlyForDeploymentPostprocessing = 0;
		};
		D5ACDDD01861996200090F31 /* Resources */ = {
			isa = PBXResourcesBuildPhase;
			buildActionMask = 2147483647;
			files = (
				D5ACDDDE1861996200090F31 /* InfoPlist.strings in Resources */,
			);
			runOnlyForDeploymentPostprocessing = 0;
		};
/* End PBXResourcesBuildPhase section */

/* Begin PBXSourcesBuildPhase section */
		D5ACDDAA1861996200090F31 /* Sources */ = {
			isa = PBXSourcesBuildPhase;
			buildActionMask = 2147483647;
			files = (
				D5ACDDBE1861996200090F31 /* main.m in Sources */,
				D5ACDDEC18619A0C00090F31 /* ARSpeechActivity.m in Sources */,
				D5ACDDCB1861996200090F31 /* ARViewController.m in Sources */,
				D5ACDDC21861996200090F31 /* ARAppDelegate.m in Sources */,
			);
			runOnlyForDeploymentPostprocessing = 0;
		};
		D5ACDDCE1861996200090F31 /* Sources */ = {
			isa = PBXSourcesBuildPhase;
			buildActionMask = 2147483647;
			files = (
				D5ACDDE01861996200090F31 /* ARSpeechActivityDemoTests.m in Sources */,
			);
			runOnlyForDeploymentPostprocessing = 0;
		};
/* End PBXSourcesBuildPhase section */

/* Begin PBXTargetDependency section */
		D5ACDDD81861996200090F31 /* PBXTargetDependency */ = {
			isa = PBXTargetDependency;
			target = D5ACDDAD1861996200090F31 /* ARSpeechActivityDemo */;
			targetProxy = D5ACDDD71861996200090F31 /* PBXContainerItemProxy */;
		};
/* End PBXTargetDependency section */

/* Begin PBXVariantGroup section */
		D5ACDDBA1861996200090F31 /* InfoPlist.strings */ = {
			isa = PBXVariantGroup;
			children = (
				D5ACDDBB1861996200090F31 /* en */,
			);
			name = InfoPlist.strings;
			sourceTree = "<group>";
		};
		D5ACDDDC1861996200090F31 /* InfoPlist.strings */ = {
			isa = PBXVariantGroup;
			children = (
				D5ACDDDD1861996200090F31 /* en */,
			);
			name = InfoPlist.strings;
			sourceTree = "<group>";
		};
		D5ACDDF91861ACDF00090F31 /* ARSpeechActivity.strings */ = {
			isa = PBXVariantGroup;
			children = (
				D5ACDDF81861ACDF00090F31 /* en */,
				D5ACDDFA1861AD6000090F31 /* es-ES */,
				D5ACDDFB1861AD6800090F31 /* es */,
			);
			name = ARSpeechActivity.strings;
			path = ARSpeechActivity;
			sourceTree = SOURCE_ROOT;
		};
/* End PBXVariantGroup section */

/* Begin XCBuildConfiguration section */
		D5ACDDE11861996200090F31 /* Debug */ = {
			isa = XCBuildConfiguration;
			buildSettings = {
				ALWAYS_SEARCH_USER_PATHS = NO;
				ARCHS = "$(ARCHS_STANDARD_INCLUDING_64_BIT)";
				CLANG_CXX_LANGUAGE_STANDARD = "gnu++0x";
				CLANG_CXX_LIBRARY = "libc++";
				CLANG_ENABLE_MODULES = YES;
				CLANG_ENABLE_OBJC_ARC = YES;
				CLANG_WARN_BOOL_CONVERSION = YES;
				CLANG_WARN_CONSTANT_CONVERSION = YES;
				CLANG_WARN_DIRECT_OBJC_ISA_USAGE = YES_ERROR;
				CLANG_WARN_EMPTY_BODY = YES;
				CLANG_WARN_ENUM_CONVERSION = YES;
				CLANG_WARN_INT_CONVERSION = YES;
				CLANG_WARN_OBJC_ROOT_CLASS = YES_ERROR;
				CLANG_WARN__DUPLICATE_METHOD_MATCH = YES;
				"CODE_SIGN_IDENTITY[sdk=iphoneos*]" = "iPhone Developer";
				COPY_PHASE_STRIP = NO;
				GCC_C_LANGUAGE_STANDARD = gnu99;
				GCC_DYNAMIC_NO_PIC = NO;
				GCC_OPTIMIZATION_LEVEL = 0;
				GCC_PREPROCESSOR_DEFINITIONS = (
					"DEBUG=1",
					"$(inherited)",
				);
				GCC_SYMBOLS_PRIVATE_EXTERN = NO;
				GCC_WARN_64_TO_32_BIT_CONVERSION = YES;
				GCC_WARN_ABOUT_RETURN_TYPE = YES_ERROR;
				GCC_WARN_UNDECLARED_SELECTOR = YES;
				GCC_WARN_UNINITIALIZED_AUTOS = YES;
				GCC_WARN_UNUSED_FUNCTION = YES;
				GCC_WARN_UNUSED_VARIABLE = YES;
				IPHONEOS_DEPLOYMENT_TARGET = 7.0;
				ONLY_ACTIVE_ARCH = YES;
				SDKROOT = iphoneos;
				TARGETED_DEVICE_FAMILY = "1,2";
			};
			name = Debug;
		};
		D5ACDDE21861996200090F31 /* Release */ = {
			isa = XCBuildConfiguration;
			buildSettings = {
				ALWAYS_SEARCH_USER_PATHS = NO;
				ARCHS = "$(ARCHS_STANDARD_INCLUDING_64_BIT)";
				CLANG_CXX_LANGUAGE_STANDARD = "gnu++0x";
				CLANG_CXX_LIBRARY = "libc++";
				CLANG_ENABLE_MODULES = YES;
				CLANG_ENABLE_OBJC_ARC = YES;
				CLANG_WARN_BOOL_CONVERSION = YES;
				CLANG_WARN_CONSTANT_CONVERSION = YES;
				CLANG_WARN_DIRECT_OBJC_ISA_USAGE = YES_ERROR;
				CLANG_WARN_EMPTY_BODY = YES;
				CLANG_WARN_ENUM_CONVERSION = YES;
				CLANG_WARN_INT_CONVERSION = YES;
				CLANG_WARN_OBJC_ROOT_CLASS = YES_ERROR;
				CLANG_WARN__DUPLICATE_METHOD_MATCH = YES;
				"CODE_SIGN_IDENTITY[sdk=iphoneos*]" = "iPhone Developer";
				COPY_PHASE_STRIP = YES;
				ENABLE_NS_ASSERTIONS = NO;
				GCC_C_LANGUAGE_STANDARD = gnu99;
				GCC_WARN_64_TO_32_BIT_CONVERSION = YES;
				GCC_WARN_ABOUT_RETURN_TYPE = YES_ERROR;
				GCC_WARN_UNDECLARED_SELECTOR = YES;
				GCC_WARN_UNINITIALIZED_AUTOS = YES;
				GCC_WARN_UNUSED_FUNCTION = YES;
				GCC_WARN_UNUSED_VARIABLE = YES;
				IPHONEOS_DEPLOYMENT_TARGET = 7.0;
				SDKROOT = iphoneos;
				TARGETED_DEVICE_FAMILY = "1,2";
				VALIDATE_PRODUCT = YES;
			};
			name = Release;
		};
		D5ACDDE41861996200090F31 /* Debug */ = {
			isa = XCBuildConfiguration;
			buildSettings = {
				ASSETCATALOG_COMPILER_APPICON_NAME = AppIcon;
				ASSETCATALOG_COMPILER_LAUNCHIMAGE_NAME = LaunchImage;
				GCC_PRECOMPILE_PREFIX_HEADER = YES;
				GCC_PREFIX_HEADER = "ARSpeechActivityDemo/ARSpeechActivityDemo-Prefix.pch";
				INFOPLIST_FILE = "ARSpeechActivityDemo/ARSpeechActivityDemo-Info.plist";
				PRODUCT_NAME = "$(TARGET_NAME)";
				WRAPPER_EXTENSION = app;
			};
			name = Debug;
		};
		D5ACDDE51861996200090F31 /* Release */ = {
			isa = XCBuildConfiguration;
			buildSettings = {
				ASSETCATALOG_COMPILER_APPICON_NAME = AppIcon;
				ASSETCATALOG_COMPILER_LAUNCHIMAGE_NAME = LaunchImage;
				GCC_PRECOMPILE_PREFIX_HEADER = YES;
				GCC_PREFIX_HEADER = "ARSpeechActivityDemo/ARSpeechActivityDemo-Prefix.pch";
				INFOPLIST_FILE = "ARSpeechActivityDemo/ARSpeechActivityDemo-Info.plist";
				PRODUCT_NAME = "$(TARGET_NAME)";
				WRAPPER_EXTENSION = app;
			};
			name = Release;
		};
		D5ACDDE71861996200090F31 /* Debug */ = {
			isa = XCBuildConfiguration;
			buildSettings = {
				ARCHS = "$(ARCHS_STANDARD_INCLUDING_64_BIT)";
				BUNDLE_LOADER = "$(BUILT_PRODUCTS_DIR)/ARSpeechActivityDemo.app/ARSpeechActivityDemo";
				FRAMEWORK_SEARCH_PATHS = (
					"$(SDKROOT)/Developer/Library/Frameworks",
					"$(inherited)",
					"$(DEVELOPER_FRAMEWORKS_DIR)",
				);
				GCC_PRECOMPILE_PREFIX_HEADER = YES;
				GCC_PREFIX_HEADER = "ARSpeechActivityDemo/ARSpeechActivityDemo-Prefix.pch";
				GCC_PREPROCESSOR_DEFINITIONS = (
					"DEBUG=1",
					"$(inherited)",
				);
				INFOPLIST_FILE = "ARSpeechActivityDemoTests/ARSpeechActivityDemoTests-Info.plist";
				PRODUCT_NAME = "$(TARGET_NAME)";
				TEST_HOST = "$(BUNDLE_LOADER)";
				WRAPPER_EXTENSION = xctest;
			};
			name = Debug;
		};
		D5ACDDE81861996200090F31 /* Release */ = {
			isa = XCBuildConfiguration;
			buildSettings = {
				ARCHS = "$(ARCHS_STANDARD_INCLUDING_64_BIT)";
				BUNDLE_LOADER = "$(BUILT_PRODUCTS_DIR)/ARSpeechActivityDemo.app/ARSpeechActivityDemo";
				FRAMEWORK_SEARCH_PATHS = (
					"$(SDKROOT)/Developer/Library/Frameworks",
					"$(inherited)",
					"$(DEVELOPER_FRAMEWORKS_DIR)",
				);
				GCC_PRECOMPILE_PREFIX_HEADER = YES;
				GCC_PREFIX_HEADER = "ARSpeechActivityDemo/ARSpeechActivityDemo-Prefix.pch";
				INFOPLIST_FILE = "ARSpeechActivityDemoTests/ARSpeechActivityDemoTests-Info.plist";
				PRODUCT_NAME = "$(TARGET_NAME)";
				TEST_HOST = "$(BUNDLE_LOADER)";
				WRAPPER_EXTENSION = xctest;
			};
			name = Release;
		};
/* End XCBuildConfiguration section */

/* Begin XCConfigurationList section */
		D5ACDDA91861996200090F31 /* Build configuration list for PBXProject "ARSpeechActivityDemo" */ = {
			isa = XCConfigurationList;
			buildConfigurations = (
				D5ACDDE11861996200090F31 /* Debug */,
				D5ACDDE21861996200090F31 /* Release */,
			);
			defaultConfigurationIsVisible = 0;
			defaultConfigurationName = Release;
		};
		D5ACDDE31861996200090F31 /* Build configuration list for PBXNativeTarget "ARSpeechActivityDemo" */ = {
			isa = XCConfigurationList;
			buildConfigurations = (
				D5ACDDE41861996200090F31 /* Debug */,
				D5ACDDE51861996200090F31 /* Release */,
			);
			defaultConfigurationIsVisible = 0;
			defaultConfigurationName = Release;
		};
		D5ACDDE61861996200090F31 /* Build configuration list for PBXNativeTarget "ARSpeechActivityDemoTests" */ = {
			isa = XCConfigurationList;
			buildConfigurations = (
				D5ACDDE71861996200090F31 /* Debug */,
				D5ACDDE81861996200090F31 /* Release */,
			);
			defaultConfigurationIsVisible = 0;
			defaultConfigurationName = Release;
		};
/* End XCConfigurationList section */
	};
	rootObject = D5ACDDA61861996200090F31 /* Project object */;
}
